
Microsoft Visual Studio Solution File, Format Version 12.00
# Visual Studio 15
VisualStudioVersion = 15.0.28010.2041
MinimumVisualStudioVersion = 10.0.40219.1
Project("{FAE04EC0-301F-11D3-BF4B-00C04F79EFBC}") = "Exam1", "Exam1\Exam1.csproj", "{A8519F7E-9D9A-4467-BF54-392307F4642D}"
EndProject
Global
	GlobalSection(SolutionConfigurationPlatforms) = preSolution
		Debug|Any CPU = Debug|Any CPU
		Release|Any CPU = Release|Any CPU
	EndGlobalSection
	GlobalSection(ProjectConfigurationPlatforms) = postSolution
		{A8519F7E-9D9A-4467-BF54-392307F4642D}.Debug|Any CPU.ActiveCfg = Debug|Any CPU
		{A8519F7E-9D9A-4467-BF54-392307F4642D}.Debug|Any CPU.Build.0 = Debug|Any CPU
		{A8519F7E-9D9A-4467-BF54-392307F4642D}.Release|Any CPU.ActiveCfg = Release|Any CPU
		{A8519F7E-9D9A-4467-BF54-392307F4642D}.Release|Any CPU.Build.0 = Release|Any CPU
	EndGlobalSection
	GlobalSection(SolutionProperties) = preSolution
		HideSolutionNode = FALSE
	EndGlobalSection
	GlobalSection(ExtensibilityGlobals) = postSolution
		SolutionGuid = {88592ED3-7D1A-49EE-AE1C-6E808F43D734}
	EndGlobalSection
EndGlobal
